
Microsoft Visual Studio Solution File, Format Version 12.00
# Visual Studio Version 16
VisualStudioVersion = 16.0.30804.86
MinimumVisualStudioVersion = 10.0.40219.1
Project("{FAE04EC0-301F-11D3-BF4B-00C04F79EFBC}") = "Adder", "Adder\Adder.csproj", "{91D7527A-51F3-446A-AC06-A01E2DD09C14}"
EndProject
Global
	GlobalSection(SolutionConfigurationPlatforms) = preSolution
		Debug|Any CPU = Debug|Any CPU
		Release|Any CPU = Release|Any CPU
	EndGlobalSection
	GlobalSection(ProjectConfigurationPlatforms) = postSolution
		{91D7527A-51F3-446A-AC06-A01E2DD09C14}.Debug|Any CPU.ActiveCfg = Debug|Any CPU
		{91D7527A-51F3-446A-AC06-A01E2DD09C14}.Debug|Any CPU.Build.0 = Debug|Any CPU
		{91D7527A-51F3-446A-AC06-A01E2DD09C14}.Release|Any CPU.ActiveCfg = Release|Any CPU
		{91D7527A-51F3-446A-AC06-A01E2DD09C14}.Release|Any CPU.Build.0 = Release|Any CPU
	EndGlobalSection
	GlobalSection(SolutionProperties) = preSolution
		HideSolutionNode = FALSE
	EndGlobalSection
	GlobalSection(ExtensibilityGlobals) = postSolution
		SolutionGuid = {4C880811-BB66-4634-ACA5-B677A6EB3421}
	EndGlobalSection
EndGlobal
